
Microsoft Visual Studio Solution File, Format Version 12.00
# Visual Studio Version 16
VisualStudioVersion = 16.0.29709.97
MinimumVisualStudioVersion = 10.0.40219.1
Project("{9A19103F-16F7-4668-BE54-9A1E7A4F7556}") = "HttpTestServer", "HttpTestServer\HttpTestServer.csproj", "{DAFCEDFB-BBFA-4BF4-BF03-2D7692C8BCC5}"
EndProject
Project("{9A19103F-16F7-4668-BE54-9A1E7A4F7556}") = "HttpTestServer.Data", "HttpTestServer.Data\HttpTestServer.Data.csproj", "{904F7C70-1D73-43CD-B6FE-6517758D0F10}"
EndProject
Global
	GlobalSection(SolutionConfigurationPlatforms) = preSolution
		Debug|Any CPU = Debug|Any CPU
		Release|Any CPU = Release|Any CPU
	EndGlobalSection
	GlobalSection(ProjectConfigurationPlatforms) = postSolution
		{DAFCEDFB-BBFA-4BF4-BF03-2D7692C8BCC5}.Debug|Any CPU.ActiveCfg = Debug|Any CPU
		{DAFCEDFB-BBFA-4BF4-BF03-2D7692C8BCC5}.Debug|Any CPU.Build.0 = Debug|Any CPU
		{DAFCEDFB-BBFA-4BF4-BF03-2D7692C8BCC5}.Release|Any CPU.ActiveCfg = Release|Any CPU
		{DAFCEDFB-BBFA-4BF4-BF03-2D7692C8BCC5}.Release|Any CPU.Build.0 = Release|Any CPU
		{904F7C70-1D73-43CD-B6FE-6517758D0F10}.Debug|Any CPU.ActiveCfg = Debug|Any CPU
		{904F7C70-1D73-43CD-B6FE-6517758D0F10}.Debug|Any CPU.Build.0 = Debug|Any CPU
		{904F7C70-1D73-43CD-B6FE-6517758D0F10}.Release|Any CPU.ActiveCfg = Release|Any CPU
		{904F7C70-1D73-43CD-B6FE-6517758D0F10}.Release|Any CPU.Build.0 = Release|Any CPU
	EndGlobalSection
	GlobalSection(SolutionProperties) = preSolution
		HideSolutionNode = FALSE
	EndGlobalSection
	GlobalSection(ExtensibilityGlobals) = postSolution
		SolutionGuid = {CC2BF8C8-2452-4290-9F75-9F66CDA9DFC9}
	EndGlobalSection
EndGlobal
